{
  "name": "tiddlyremember-docs",
  "version": "1.0.0",
  "lockfileVersion": 3,
  "requires": true,
  "packages": {
    "": {
      "name": "tiddlyremember-docs",
      "version": "1.0.0",
      "license": "MIT",
      "dependencies": {
        "tiddlywiki": "5.3.6"
      }
    },
    "node_modules/tiddlywiki": {
      "version": "5.3.6",
      "resolved": "https://registry.npmjs.org/tiddlywiki/-/tiddlywiki-5.3.6.tgz",
      "integrity": "sha512-RfWt+Bo/UsTdzP5N4nEInjaJjgAzylUMf21hE4FL5v65c3x054+A+3g3sgW1m68lTJbTbiiqSZ6q6BEIZMwhSQ==",
      "bin": {
        "tiddlywiki": "tiddlywiki.js"
      },
      "engines": {
        "node": ">=0.8.2"
      }
    }
  }
}
